
Microsoft Visual Studio Solution File, Format Version 12.00
# Visual Studio Version 17
VisualStudioVersion = 17.3.32825.248
MinimumVisualStudioVersion = 10.0.40219.1
Project("{FAE04EC0-301F-11D3-BF4B-00C04F79EFBC}") = "_MagickChoice_", "_MagickChoice_\_MagickChoice_.csproj", "{E6BDE693-9F2E-437A-B804-21FBED7FDE5B}"
EndProject
Global
	GlobalSection(SolutionConfigurationPlatforms) = preSolution
		Debug|Any CPU = Debug|Any CPU
		Release|Any CPU = Release|Any CPU
	EndGlobalSection
	GlobalSection(ProjectConfigurationPlatforms) = postSolution
		{E6BDE693-9F2E-437A-B804-21FBED7FDE5B}.Debug|Any CPU.ActiveCfg = Debug|Any CPU
		{E6BDE693-9F2E-437A-B804-21FBED7FDE5B}.Debug|Any CPU.Build.0 = Debug|Any CPU
		{E6BDE693-9F2E-437A-B804-21FBED7FDE5B}.Release|Any CPU.ActiveCfg = Release|Any CPU
		{E6BDE693-9F2E-437A-B804-21FBED7FDE5B}.Release|Any CPU.Build.0 = Release|Any CPU
	EndGlobalSection
	GlobalSection(SolutionProperties) = preSolution
		HideSolutionNode = FALSE
	EndGlobalSection
	GlobalSection(ExtensibilityGlobals) = postSolution
		SolutionGuid = {CD031B20-5AB0-4773-B36D-64ABA5E59571}
	EndGlobalSection
EndGlobal
