
Microsoft Visual Studio Solution File, Format Version 12.00
# Visual Studio Version 17
VisualStudioVersion = 17.3.32825.248
MinimumVisualStudioVersion = 10.0.40219.1
Project("{9A19103F-16F7-4668-BE54-9A1E7A4F7556}") = "Stacks", "Stack\Stacks.csproj", "{6D52E6BE-0629-4CAB-98FB-68FC00755843}"
EndProject
Project("{FAE04EC0-301F-11D3-BF4B-00C04F79EFBC}") = "Stacks.Tests", "Stack.Tests\Stacks.Tests.csproj", "{6C4949F5-A6EB-4CA0-8945-A276871F4091}"
EndProject
Global
	GlobalSection(SolutionConfigurationPlatforms) = preSolution
		Debug|Any CPU = Debug|Any CPU
		Release|Any CPU = Release|Any CPU
	EndGlobalSection
	GlobalSection(ProjectConfigurationPlatforms) = postSolution
		{6D52E6BE-0629-4CAB-98FB-68FC00755843}.Debug|Any CPU.ActiveCfg = Debug|Any CPU
		{6D52E6BE-0629-4CAB-98FB-68FC00755843}.Debug|Any CPU.Build.0 = Debug|Any CPU
		{6D52E6BE-0629-4CAB-98FB-68FC00755843}.Release|Any CPU.ActiveCfg = Release|Any CPU
		{6D52E6BE-0629-4CAB-98FB-68FC00755843}.Release|Any CPU.Build.0 = Release|Any CPU
		{6C4949F5-A6EB-4CA0-8945-A276871F4091}.Debug|Any CPU.ActiveCfg = Debug|Any CPU
		{6C4949F5-A6EB-4CA0-8945-A276871F4091}.Debug|Any CPU.Build.0 = Debug|Any CPU
		{6C4949F5-A6EB-4CA0-8945-A276871F4091}.Release|Any CPU.ActiveCfg = Release|Any CPU
		{6C4949F5-A6EB-4CA0-8945-A276871F4091}.Release|Any CPU.Build.0 = Release|Any CPU
	EndGlobalSection
	GlobalSection(SolutionProperties) = preSolution
		HideSolutionNode = FALSE
	EndGlobalSection
	GlobalSection(ExtensibilityGlobals) = postSolution
		SolutionGuid = {84953BAE-F501-4BD9-87C0-B7C57457BF05}
	EndGlobalSection
EndGlobal
