
Microsoft Visual Studio Solution File, Format Version 12.00
# Visual Studio Version 17
VisualStudioVersion = 17.3.32825.248
MinimumVisualStudioVersion = 10.0.40219.1
Project("{FAE04EC0-301F-11D3-BF4B-00C04F79EFBC}") = "StaticTypes", "StaticTypes\StaticTypes.csproj", "{9D13E397-4B7A-4B3B-858D-A7E92856F5C9}"
EndProject
Global
	GlobalSection(SolutionConfigurationPlatforms) = preSolution
		Debug|Any CPU = Debug|Any CPU
		Release|Any CPU = Release|Any CPU
	EndGlobalSection
	GlobalSection(ProjectConfigurationPlatforms) = postSolution
		{9D13E397-4B7A-4B3B-858D-A7E92856F5C9}.Debug|Any CPU.ActiveCfg = Debug|Any CPU
		{9D13E397-4B7A-4B3B-858D-A7E92856F5C9}.Debug|Any CPU.Build.0 = Debug|Any CPU
		{9D13E397-4B7A-4B3B-858D-A7E92856F5C9}.Release|Any CPU.ActiveCfg = Release|Any CPU
		{9D13E397-4B7A-4B3B-858D-A7E92856F5C9}.Release|Any CPU.Build.0 = Release|Any CPU
	EndGlobalSection
	GlobalSection(SolutionProperties) = preSolution
		HideSolutionNode = FALSE
	EndGlobalSection
	GlobalSection(ExtensibilityGlobals) = postSolution
		SolutionGuid = {7BE073C4-C7DC-4E44-B0A7-7FAA7E9F78DE}
	EndGlobalSection
EndGlobal
