
Microsoft Visual Studio Solution File, Format Version 12.00
# Visual Studio Version 17
VisualStudioVersion = 17.3.32825.248
MinimumVisualStudioVersion = 10.0.40219.1
Project("{9A19103F-16F7-4668-BE54-9A1E7A4F7556}") = "BinaryRepresentation", "binary representation\BinaryRepresentation.csproj", "{6A21FFF9-2587-4419-9A48-87ABA8FEA8EC}"
EndProject
Project("{FAE04EC0-301F-11D3-BF4B-00C04F79EFBC}") = "BinaryRepresentation.Tests", "BinaryRepresentation.Tests\BinaryRepresentation.Tests.csproj", "{EF46BCA3-3901-4136-831A-8072036C2600}"
EndProject
Global
	GlobalSection(SolutionConfigurationPlatforms) = preSolution
		Debug|Any CPU = Debug|Any CPU
		Release|Any CPU = Release|Any CPU
	EndGlobalSection
	GlobalSection(ProjectConfigurationPlatforms) = postSolution
		{6A21FFF9-2587-4419-9A48-87ABA8FEA8EC}.Debug|Any CPU.ActiveCfg = Debug|Any CPU
		{6A21FFF9-2587-4419-9A48-87ABA8FEA8EC}.Debug|Any CPU.Build.0 = Debug|Any CPU
		{6A21FFF9-2587-4419-9A48-87ABA8FEA8EC}.Release|Any CPU.ActiveCfg = Release|Any CPU
		{6A21FFF9-2587-4419-9A48-87ABA8FEA8EC}.Release|Any CPU.Build.0 = Release|Any CPU
		{EF46BCA3-3901-4136-831A-8072036C2600}.Debug|Any CPU.ActiveCfg = Debug|Any CPU
		{EF46BCA3-3901-4136-831A-8072036C2600}.Debug|Any CPU.Build.0 = Debug|Any CPU
		{EF46BCA3-3901-4136-831A-8072036C2600}.Release|Any CPU.ActiveCfg = Release|Any CPU
		{EF46BCA3-3901-4136-831A-8072036C2600}.Release|Any CPU.Build.0 = Release|Any CPU
	EndGlobalSection
	GlobalSection(SolutionProperties) = preSolution
		HideSolutionNode = FALSE
	EndGlobalSection
	GlobalSection(ExtensibilityGlobals) = postSolution
		SolutionGuid = {B3C5CED0-E1D5-4260-BB24-ED65BE5FC71B}
	EndGlobalSection
EndGlobal
